
Microsoft Visual Studio Solution File, Format Version 12.00
# Visual Studio Version 17
VisualStudioVersion = 17.0.31919.166
MinimumVisualStudioVersion = 10.0.40219.1
Project("{FAE04EC0-301F-11D3-BF4B-00C04F79EFBC}") = "Assignment2_B2", "Assignment2_B2.csproj", "{AC37C756-4D00-4E82-B712-1B5EAB44DFF1}"
EndProject
Global
	GlobalSection(SolutionConfigurationPlatforms) = preSolution
		Debug|Any CPU = Debug|Any CPU
		Release|Any CPU = Release|Any CPU
	EndGlobalSection
	GlobalSection(ProjectConfigurationPlatforms) = postSolution
		{AC37C756-4D00-4E82-B712-1B5EAB44DFF1}.Debug|Any CPU.ActiveCfg = Debug|Any CPU
		{AC37C756-4D00-4E82-B712-1B5EAB44DFF1}.Debug|Any CPU.Build.0 = Debug|Any CPU
		{AC37C756-4D00-4E82-B712-1B5EAB44DFF1}.Release|Any CPU.ActiveCfg = Release|Any CPU
		{AC37C756-4D00-4E82-B712-1B5EAB44DFF1}.Release|Any CPU.Build.0 = Release|Any CPU
	EndGlobalSection
	GlobalSection(SolutionProperties) = preSolution
		HideSolutionNode = FALSE
	EndGlobalSection
	GlobalSection(ExtensibilityGlobals) = postSolution
		SolutionGuid = {DE4A871E-BF50-4E48-8175-89978C355417}
	EndGlobalSection
EndGlobal
